
Microsoft Visual Studio Solution File, Format Version 11.00
# Visual Studio 2010
Project("{FAE04EC0-301F-11D3-BF4B-00C04F79EFBC}") = "WifiMouseServer", "WifiMouseServer\WifiMouseServer.csproj", "{581063D1-1B15-47AC-8F2C-62885B4D19CA}"
EndProject
Global
	GlobalSection(SolutionConfigurationPlatforms) = preSolution
		Debug|x86 = Debug|x86
		Release|x86 = Release|x86
	EndGlobalSection
	GlobalSection(ProjectConfigurationPlatforms) = postSolution
		{581063D1-1B15-47AC-8F2C-62885B4D19CA}.Debug|x86.ActiveCfg = Debug|x86
		{581063D1-1B15-47AC-8F2C-62885B4D19CA}.Debug|x86.Build.0 = Debug|x86
		{581063D1-1B15-47AC-8F2C-62885B4D19CA}.Release|x86.ActiveCfg = Release|x86
		{581063D1-1B15-47AC-8F2C-62885B4D19CA}.Release|x86.Build.0 = Release|x86
	EndGlobalSection
	GlobalSection(SolutionProperties) = preSolution
		HideSolutionNode = FALSE
	EndGlobalSection
EndGlobal
